
Microsoft Visual Studio Solution File, Format Version 12.00
# Visual Studio Version 17
VisualStudioVersion = 17.14.37027.9 d17.14
MinimumVisualStudioVersion = 10.0.40219.1
Project("{FAE04EC0-301F-11D3-BF4B-00C04F79EFBC}") = "FormsLibrary", "FormsLibrary.csproj", "{261B68E9-5F71-4CBA-B840-D4AE280CE498}"
EndProject
Global
	GlobalSection(SolutionConfigurationPlatforms) = preSolution
		Debug|Any CPU = Debug|Any CPU
		Release|Any CPU = Release|Any CPU
	EndGlobalSection
	GlobalSection(ProjectConfigurationPlatforms) = postSolution
		{261B68E9-5F71-4CBA-B840-D4AE280CE498}.Debug|Any CPU.ActiveCfg = Debug|Any CPU
		{261B68E9-5F71-4CBA-B840-D4AE280CE498}.Debug|Any CPU.Build.0 = Debug|Any CPU
		{261B68E9-5F71-4CBA-B840-D4AE280CE498}.Release|Any CPU.ActiveCfg = Release|Any CPU
		{261B68E9-5F71-4CBA-B840-D4AE280CE498}.Release|Any CPU.Build.0 = Release|Any CPU
	EndGlobalSection
	GlobalSection(SolutionProperties) = preSolution
		HideSolutionNode = FALSE
	EndGlobalSection
	GlobalSection(ExtensibilityGlobals) = postSolution
		SolutionGuid = {BD6808CC-F8B8-4BE2-BFD5-0AB1924AABE0}
	EndGlobalSection
EndGlobal
